{"filter":false,"title":"Gemfile.lock","tooltip":"/pictgram/Gemfile.lock","undoManager":{"mark":-1,"position":-1,"stack":[]},"ace":{"folds":[],"scrolltop":1282,"scrollleft":0,"selection":{"start":{"row":0,"column":0},"end":{"row":0,"column":0},"isBackwards":false},"options":{"guessTabSize":true,"useWrapMode":false,"wrapToView":true},"firstLineState":{"row":79,"state":"start","mode":"ace/mode/text"}},"timestamp":1614683690232,"hash":"0840726a9e65e55ad5eaa14969d30a4dcc3ae754"}